// !$*UTF8*$!
{
	archiveVersion = 1;
	classes = {
	};
	objectVersion = 50;
	objects = {

/* Begin PBXBuildFile section */
		3D5EE2262551FA2000227372 /* ReceiptVC.swift in Sources */ = {isa = PBXBuildFile; fileRef = 3D5EE2252551FA2000227372 /* ReceiptVC.swift */; };
		3D5EE22E2551FE5900227372 /* CustomTVC.swift in Sources */ = {isa = PBXBuildFile; fileRef = 3D5EE22D2551FE5900227372 /* CustomTVC.swift */; };
		3D5EE23625525B7100227372 /* CloudKit.framework in Frameworks */ = {isa = PBXBuildFile; fileRef = 3D5EE23525525B7100227372 /* CloudKit.framework */; };
		4065A45425511AD700D36A14 /* IngredientsTableViewController.swift in Sources */ = {isa = PBXBuildFile; fileRef = 4065A45325511AD700D36A14 /* IngredientsTableViewController.swift */; };
		4065A45F2551379500D36A14 /* mushroom.png in Resources */ = {isa = PBXBuildFile; fileRef = 4065A4572551379500D36A14 /* mushroom.png */; };
		4065A4602551379500D36A14 /* noodle.png in Resources */ = {isa = PBXBuildFile; fileRef = 4065A4582551379500D36A14 /* noodle.png */; };
		4065A4612551379500D36A14 /* egg.png in Resources */ = {isa = PBXBuildFile; fileRef = 4065A4592551379500D36A14 /* egg.png */; };
		4065A4622551379500D36A14 /* cheese.png in Resources */ = {isa = PBXBuildFile; fileRef = 4065A45A2551379500D36A14 /* cheese.png */; };
		4065A4632551379500D36A14 /* lettuce.png in Resources */ = {isa = PBXBuildFile; fileRef = 4065A45B2551379500D36A14 /* lettuce.png */; };
		4065A4642551379500D36A14 /* chicken.png in Resources */ = {isa = PBXBuildFile; fileRef = 4065A45C2551379500D36A14 /* chicken.png */; };
		4065A4652551379500D36A14 /* onion.png in Resources */ = {isa = PBXBuildFile; fileRef = 4065A45D2551379500D36A14 /* onion.png */; };
		4065A4662551379500D36A14 /* chili.png in Resources */ = {isa = PBXBuildFile; fileRef = 4065A45E2551379500D36A14 /* chili.png */; };
		40DB5F15254FD5D6009BAB81 /* AppDelegate.swift in Sources */ = {isa = PBXBuildFile; fileRef = 40DB5F14254FD5D6009BAB81 /* AppDelegate.swift */; };
		40DB5F17254FD5D6009BAB81 /* SceneDelegate.swift in Sources */ = {isa = PBXBuildFile; fileRef = 40DB5F16254FD5D6009BAB81 /* SceneDelegate.swift */; };
		40DB5F19254FD5D6009BAB81 /* ViewController.swift in Sources */ = {isa = PBXBuildFile; fileRef = 40DB5F18254FD5D6009BAB81 /* ViewController.swift */; };
		40DB5F1C254FD5D6009BAB81 /* Main.storyboard in Resources */ = {isa = PBXBuildFile; fileRef = 40DB5F1A254FD5D6009BAB81 /* Main.storyboard */; };
		40DB5F1F254FD5D6009BAB81 /* BeChef.xcdatamodeld in Sources */ = {isa = PBXBuildFile; fileRef = 40DB5F1D254FD5D6009BAB81 /* BeChef.xcdatamodeld */; };
		40DB5F21254FD5D8009BAB81 /* Assets.xcassets in Resources */ = {isa = PBXBuildFile; fileRef = 40DB5F20254FD5D8009BAB81 /* Assets.xcassets */; };
		40DB5F24254FD5D8009BAB81 /* LaunchScreen.storyboard in Resources */ = {isa = PBXBuildFile; fileRef = 40DB5F22254FD5D8009BAB81 /* LaunchScreen.storyboard */; };
		40DB5F38254FD61A009BAB81 /* Rectangle.png in Resources */ = {isa = PBXBuildFile; fileRef = 40DB5F36254FD61A009BAB81 /* Rectangle.png */; };
		40DB5F39254FD61A009BAB81 /* Group.png in Resources */ = {isa = PBXBuildFile; fileRef = 40DB5F37254FD61A009BAB81 /* Group.png */; };
		40DB5F3E254FDA7E009BAB81 /* apple.png in Resources */ = {isa = PBXBuildFile; fileRef = 40DB5F3B254FDA7E009BAB81 /* apple.png */; };
		40DB5F3F254FDA7E009BAB81 /* kotakkuning.png in Resources */ = {isa = PBXBuildFile; fileRef = 40DB5F3C254FDA7E009BAB81 /* kotakkuning.png */; };
		40DB5F40254FDA7E009BAB81 /* kotakoren.png in Resources */ = {isa = PBXBuildFile; fileRef = 40DB5F3D254FDA7E009BAB81 /* kotakoren.png */; };
/* End PBXBuildFile section */

/* Begin PBXFileReference section */
		3D5EE2252551FA2000227372 /* ReceiptVC.swift */ = {isa = PBXFileReference; lastKnownFileType = sourcecode.swift; path = ReceiptVC.swift; sourceTree = "<group>"; };
		3D5EE22D2551FE5900227372 /* CustomTVC.swift */ = {isa = PBXFileReference; lastKnownFileType = sourcecode.swift; path = CustomTVC.swift; sourceTree = "<group>"; };
		3D5EE23225525B6600227372 /* BeChef.entitlements */ = {isa = PBXFileReference; lastKnownFileType = text.plist.entitlements; path = BeChef.entitlements; sourceTree = "<group>"; };
		3D5EE23525525B7100227372 /* CloudKit.framework */ = {isa = PBXFileReference; lastKnownFileType = wrapper.framework; name = CloudKit.framework; path = System/Library/Frameworks/CloudKit.framework; sourceTree = SDKROOT; };
		4065A45325511AD700D36A14 /* IngredientsTableViewController.swift */ = {isa = PBXFileReference; lastKnownFileType = sourcecode.swift; path = IngredientsTableViewController.swift; sourceTree = "<group>"; };
		4065A4572551379500D36A14 /* mushroom.png */ = {isa = PBXFileReference; lastKnownFileType = image.png; name = mushroom.png; path = Asset/mushroom.png; sourceTree = SOURCE_ROOT; };
		4065A4582551379500D36A14 /* noodle.png */ = {isa = PBXFileReference; lastKnownFileType = image.png; name = noodle.png; path = Asset/noodle.png; sourceTree = SOURCE_ROOT; };
		4065A4592551379500D36A14 /* egg.png */ = {isa = PBXFileReference; lastKnownFileType = image.png; name = egg.png; path = Asset/egg.png; sourceTree = SOURCE_ROOT; };
		4065A45A2551379500D36A14 /* cheese.png */ = {isa = PBXFileReference; lastKnownFileType = image.png; name = cheese.png; path = Asset/cheese.png; sourceTree = SOURCE_ROOT; };
		4065A45B2551379500D36A14 /* lettuce.png */ = {isa = PBXFileReference; lastKnownFileType = image.png; name = lettuce.png; path = Asset/lettuce.png; sourceTree = SOURCE_ROOT; };
		4065A45C2551379500D36A14 /* chicken.png */ = {isa = PBXFileReference; lastKnownFileType = image.png; name = chicken.png; path = Asset/chicken.png; sourceTree = SOURCE_ROOT; };
		4065A45D2551379500D36A14 /* onion.png */ = {isa = PBXFileReference; lastKnownFileType = image.png; name = onion.png; path = Asset/onion.png; sourceTree = SOURCE_ROOT; };
		4065A45E2551379500D36A14 /* chili.png */ = {isa = PBXFileReference; lastKnownFileType = image.png; name = chili.png; path = Asset/chili.png; sourceTree = SOURCE_ROOT; };
		40DB5F11254FD5D6009BAB81 /* BeChef.app */ = {isa = PBXFileReference; explicitFileType = wrapper.application; includeInIndex = 0; path = BeChef.app; sourceTree = BUILT_PRODUCTS_DIR; };
		40DB5F14254FD5D6009BAB81 /* AppDelegate.swift */ = {isa = PBXFileReference; lastKnownFileType = sourcecode.swift; path = AppDelegate.swift; sourceTree = "<group>"; };
		40DB5F16254FD5D6009BAB81 /* SceneDelegate.swift */ = {isa = PBXFileReference; lastKnownFileType = sourcecode.swift; path = SceneDelegate.swift; sourceTree = "<group>"; };
		40DB5F18254FD5D6009BAB81 /* ViewController.swift */ = {isa = PBXFileReference; lastKnownFileType = sourcecode.swift; path = ViewController.swift; sourceTree = "<group>"; };
		40DB5F1B254FD5D6009BAB81 /* Base */ = {isa = PBXFileReference; lastKnownFileType = file.storyboard; name = Base; path = Base.lproj/Main.storyboard; sourceTree = "<group>"; };
		40DB5F1E254FD5D6009BAB81 /* BeChef.xcdatamodel */ = {isa = PBXFileReference; lastKnownFileType = wrapper.xcdatamodel; path = BeChef.xcdatamodel; sourceTree = "<group>"; };
		40DB5F20254FD5D8009BAB81 /* Assets.xcassets */ = {isa = PBXFileReference; lastKnownFileType = folder.assetcatalog; path = Assets.xcassets; sourceTree = "<group>"; };
		40DB5F23254FD5D8009BAB81 /* Base */ = {isa = PBXFileReference; lastKnownFileType = file.storyboard; name = Base; path = Base.lproj/LaunchScreen.storyboard; sourceTree = "<group>"; };
		40DB5F25254FD5D8009BAB81 /* Info.plist */ = {isa = PBXFileReference; lastKnownFileType = text.plist.xml; path = Info.plist; sourceTree = "<group>"; };
		40DB5F36254FD61A009BAB81 /* Rectangle.png */ = {isa = PBXFileReference; lastKnownFileType = image.png; name = Rectangle.png; path = ../../Asset/Rectangle.png; sourceTree = "<group>"; };
		40DB5F37254FD61A009BAB81 /* Group.png */ = {isa = PBXFileReference; lastKnownFileType = image.png; name = Group.png; path = ../../Asset/Group.png; sourceTree = "<group>"; };
		40DB5F3B254FDA7E009BAB81 /* apple.png */ = {isa = PBXFileReference; lastKnownFileType = image.png; name = apple.png; path = ../../Asset/apple.png; sourceTree = "<group>"; };
		40DB5F3C254FDA7E009BAB81 /* kotakkuning.png */ = {isa = PBXFileReference; lastKnownFileType = image.png; name = kotakkuning.png; path = ../../Asset/kotakkuning.png; sourceTree = "<group>"; };
		40DB5F3D254FDA7E009BAB81 /* kotakoren.png */ = {isa = PBXFileReference; lastKnownFileType = image.png; name = kotakoren.png; path = ../../Asset/kotakoren.png; sourceTree = "<group>"; };
/* End PBXFileReference section */

/* Begin PBXFrameworksBuildPhase section */
		40DB5F0E254FD5D6009BAB81 /* Frameworks */ = {
			isa = PBXFrameworksBuildPhase;
			buildActionMask = 2147483647;
			files = (
				3D5EE23625525B7100227372 /* CloudKit.framework in Frameworks */,
			);
			runOnlyForDeploymentPostprocessing = 0;
		};
/* End PBXFrameworksBuildPhase section */

/* Begin PBXGroup section */
		3D5EE23425525B7100227372 /* Frameworks */ = {
			isa = PBXGroup;
			children = (
				3D5EE23525525B7100227372 /* CloudKit.framework */,
			);
			name = Frameworks;
			sourceTree = "<group>";
		};
		40DB5F08254FD5D6009BAB81 = {
			isa = PBXGroup;
			children = (
				40DB5F13254FD5D6009BAB81 /* BeChef */,
				40DB5F12254FD5D6009BAB81 /* Products */,
				3D5EE23425525B7100227372 /* Frameworks */,
			);
			sourceTree = "<group>";
		};
		40DB5F12254FD5D6009BAB81 /* Products */ = {
			isa = PBXGroup;
			children = (
				40DB5F11254FD5D6009BAB81 /* BeChef.app */,
			);
			name = Products;
			sourceTree = "<group>";
		};
		40DB5F13254FD5D6009BAB81 /* BeChef */ = {
			isa = PBXGroup;
			children = (
				3D5EE23225525B6600227372 /* BeChef.entitlements */,
				40DB5F14254FD5D6009BAB81 /* AppDelegate.swift */,
				40DB5F16254FD5D6009BAB81 /* SceneDelegate.swift */,
				40DB5F18254FD5D6009BAB81 /* ViewController.swift */,
				4065A45325511AD700D36A14 /* IngredientsTableViewController.swift */,
				3D5EE2252551FA2000227372 /* ReceiptVC.swift */,
				3D5EE22D2551FE5900227372 /* CustomTVC.swift */,
				40DB5F1A254FD5D6009BAB81 /* Main.storyboard */,
				40DB5F20254FD5D8009BAB81 /* Assets.xcassets */,
				40DB5F22254FD5D8009BAB81 /* LaunchScreen.storyboard */,
				40DB5F25254FD5D8009BAB81 /* Info.plist */,
				40DB5F31254FD5F7009BAB81 /* Gambar */,
				40DB5F1D254FD5D6009BAB81 /* BeChef.xcdatamodeld */,
			);
			path = BeChef;
			sourceTree = "<group>";
		};
		40DB5F31254FD5F7009BAB81 /* Gambar */ = {
			isa = PBXGroup;
			children = (
				40DB5F3B254FDA7E009BAB81 /* apple.png */,
				4065A45A2551379500D36A14 /* cheese.png */,
				4065A45C2551379500D36A14 /* chicken.png */,
				4065A45E2551379500D36A14 /* chili.png */,
				4065A4592551379500D36A14 /* egg.png */,
				4065A45B2551379500D36A14 /* lettuce.png */,
				4065A4572551379500D36A14 /* mushroom.png */,
				4065A4582551379500D36A14 /* noodle.png */,
				4065A45D2551379500D36A14 /* onion.png */,
				40DB5F3C254FDA7E009BAB81 /* kotakkuning.png */,
				40DB5F3D254FDA7E009BAB81 /* kotakoren.png */,
				40DB5F37254FD61A009BAB81 /* Group.png */,
				40DB5F36254FD61A009BAB81 /* Rectangle.png */,
			);
			path = Gambar;
			sourceTree = "<group>";
		};
/* End PBXGroup section */

/* Begin PBXNativeTarget section */
		40DB5F10254FD5D6009BAB81 /* BeChef */ = {
			isa = PBXNativeTarget;
			buildConfigurationList = 40DB5F28254FD5D8009BAB81 /* Build configuration list for PBXNativeTarget "BeChef" */;
			buildPhases = (
				40DB5F0D254FD5D6009BAB81 /* Sources */,
				40DB5F0E254FD5D6009BAB81 /* Frameworks */,
				40DB5F0F254FD5D6009BAB81 /* Resources */,
			);
			buildRules = (
			);
			dependencies = (
			);
			name = BeChef;
			productName = BeChef;
			productReference = 40DB5F11254FD5D6009BAB81 /* BeChef.app */;
			productType = "com.apple.product-type.application";
		};
/* End PBXNativeTarget section */

/* Begin PBXProject section */
		40DB5F09254FD5D6009BAB81 /* Project object */ = {
			isa = PBXProject;
			attributes = {
				LastSwiftUpdateCheck = 1200;
				LastUpgradeCheck = 1200;
				TargetAttributes = {
					40DB5F10254FD5D6009BAB81 = {
						CreatedOnToolsVersion = 12.0.1;
					};
				};
			};
			buildConfigurationList = 40DB5F0C254FD5D6009BAB81 /* Build configuration list for PBXProject "BeChef" */;
			compatibilityVersion = "Xcode 9.3";
			developmentRegion = en;
			hasScannedForEncodings = 0;
			knownRegions = (
				en,
				Base,
			);
			mainGroup = 40DB5F08254FD5D6009BAB81;
			productRefGroup = 40DB5F12254FD5D6009BAB81 /* Products */;
			projectDirPath = "";
			projectRoot = "";
			targets = (
				40DB5F10254FD5D6009BAB81 /* BeChef */,
			);
		};
/* End PBXProject section */

/* Begin PBXResourcesBuildPhase section */
		40DB5F0F254FD5D6009BAB81 /* Resources */ = {
			isa = PBXResourcesBuildPhase;
			buildActionMask = 2147483647;
			files = (
				40DB5F39254FD61A009BAB81 /* Group.png in Resources */,
				4065A45F2551379500D36A14 /* mushroom.png in Resources */,
				40DB5F24254FD5D8009BAB81 /* LaunchScreen.storyboard in Resources */,
				4065A4632551379500D36A14 /* lettuce.png in Resources */,
				40DB5F38254FD61A009BAB81 /* Rectangle.png in Resources */,
				4065A4662551379500D36A14 /* chili.png in Resources */,
				40DB5F21254FD5D8009BAB81 /* Assets.xcassets in Resources */,
				40DB5F3E254FDA7E009BAB81 /* apple.png in Resources */,
				4065A4652551379500D36A14 /* onion.png in Resources */,
				4065A4642551379500D36A14 /* chicken.png in Resources */,
				4065A4602551379500D36A14 /* noodle.png in Resources */,
				40DB5F3F254FDA7E009BAB81 /* kotakkuning.png in Resources */,
				40DB5F40254FDA7E009BAB81 /* kotakoren.png in Resources */,
				40DB5F1C254FD5D6009BAB81 /* Main.storyboard in Resources */,
				4065A4622551379500D36A14 /* cheese.png in Resources */,
				4065A4612551379500D36A14 /* egg.png in Resources */,
			);
			runOnlyForDeploymentPostprocessing = 0;
		};
/* End PBXResourcesBuildPhase section */

/* Begin PBXSourcesBuildPhase section */
		40DB5F0D254FD5D6009BAB81 /* Sources */ = {
			isa = PBXSourcesBuildPhase;
			buildActionMask = 2147483647;
			files = (
				40DB5F1F254FD5D6009BAB81 /* BeChef.xcdatamodeld in Sources */,
				3D5EE2262551FA2000227372 /* ReceiptVC.swift in Sources */,
				40DB5F19254FD5D6009BAB81 /* ViewController.swift in Sources */,
				40DB5F15254FD5D6009BAB81 /* AppDelegate.swift in Sources */,
				4065A45425511AD700D36A14 /* IngredientsTableViewController.swift in Sources */,
				40DB5F17254FD5D6009BAB81 /* SceneDelegate.swift in Sources */,
				3D5EE22E2551FE5900227372 /* CustomTVC.swift in Sources */,
			);
			runOnlyForDeploymentPostprocessing = 0;
		};
/* End PBXSourcesBuildPhase section */

/* Begin PBXVariantGroup section */
		40DB5F1A254FD5D6009BAB81 /* Main.storyboard */ = {
			isa = PBXVariantGroup;
			children = (
				40DB5F1B254FD5D6009BAB81 /* Base */,
			);
			name = Main.storyboard;
			sourceTree = "<group>";
		};
		40DB5F22254FD5D8009BAB81 /* LaunchScreen.storyboard */ = {
			isa = PBXVariantGroup;
			children = (
				40DB5F23254FD5D8009BAB81 /* Base */,
			);
			name = LaunchScreen.storyboard;
			sourceTree = "<group>";
		};
/* End PBXVariantGroup section */

/* Begin XCBuildConfiguration section */
		40DB5F26254FD5D8009BAB81 /* Debug */ = {
			isa = XCBuildConfiguration;
			buildSettings = {
				ALWAYS_SEARCH_USER_PATHS = NO;
				CLANG_ANALYZER_NONNULL = YES;
				CLANG_ANALYZER_NUMBER_OBJECT_CONVERSION = YES_AGGRESSIVE;
				CLANG_CXX_LANGUAGE_STANDARD = "gnu++14";
				CLANG_CXX_LIBRARY = "libc++";
				CLANG_ENABLE_MODULES = YES;
				CLANG_ENABLE_OBJC_ARC = YES;
				CLANG_ENABLE_OBJC_WEAK = YES;
				CLANG_WARN_BLOCK_CAPTURE_AUTORELEASING = YES;
				CLANG_WARN_BOOL_CONVERSION = YES;
				CLANG_WARN_COMMA = YES;
				CLANG_WARN_CONSTANT_CONVERSION = YES;
				CLANG_WARN_DEPRECATED_OBJC_IMPLEMENTATIONS = YES;
				CLANG_WARN_DIRECT_OBJC_ISA_USAGE = YES_ERROR;
				CLANG_WARN_DOCUMENTATION_COMMENTS = YES;
				CLANG_WARN_EMPTY_BODY = YES;
				CLANG_WARN_ENUM_CONVERSION = YES;
				CLANG_WARN_INFINITE_RECURSION = YES;
				CLANG_WARN_INT_CONVERSION = YES;
				CLANG_WARN_NON_LITERAL_NULL_CONVERSION = YES;
				CLANG_WARN_OBJC_IMPLICIT_RETAIN_SELF = YES;
				CLANG_WARN_OBJC_LITERAL_CONVERSION = YES;
				CLANG_WARN_OBJC_ROOT_CLASS = YES_ERROR;
				CLANG_WARN_QUOTED_INCLUDE_IN_FRAMEWORK_HEADER = YES;
				CLANG_WARN_RANGE_LOOP_ANALYSIS = YES;
				CLANG_WARN_STRICT_PROTOTYPES = YES;
				CLANG_WARN_SUSPICIOUS_MOVE = YES;
				CLANG_WARN_UNGUARDED_AVAILABILITY = YES_AGGRESSIVE;
				CLANG_WARN_UNREACHABLE_CODE = YES;
				CLANG_WARN__DUPLICATE_METHOD_MATCH = YES;
				COPY_PHASE_STRIP = NO;
				DEBUG_INFORMATION_FORMAT = dwarf;
				ENABLE_STRICT_OBJC_MSGSEND = YES;
				ENABLE_TESTABILITY = YES;
				GCC_C_LANGUAGE_STANDARD = gnu11;
				GCC_DYNAMIC_NO_PIC = NO;
				GCC_NO_COMMON_BLOCKS = YES;
				GCC_OPTIMIZATION_LEVEL = 0;
				GCC_PREPROCESSOR_DEFINITIONS = (
					"DEBUG=1",
					"$(inherited)",
				);
				GCC_WARN_64_TO_32_BIT_CONVERSION = YES;
				GCC_WARN_ABOUT_RETURN_TYPE = YES_ERROR;
				GCC_WARN_UNDECLARED_SELECTOR = YES;
				GCC_WARN_UNINITIALIZED_AUTOS = YES_AGGRESSIVE;
				GCC_WARN_UNUSED_FUNCTION = YES;
				GCC_WARN_UNUSED_VARIABLE = YES;
				IPHONEOS_DEPLOYMENT_TARGET = 14.0;
				MTL_ENABLE_DEBUG_INFO = INCLUDE_SOURCE;
				MTL_FAST_MATH = YES;
				ONLY_ACTIVE_ARCH = YES;
				SDKROOT = iphoneos;
				SWIFT_ACTIVE_COMPILATION_CONDITIONS = DEBUG;
				SWIFT_OPTIMIZATION_LEVEL = "-Onone";
			};
			name = Debug;
		};
		40DB5F27254FD5D8009BAB81 /* Release */ = {
			isa = XCBuildConfiguration;
			buildSettings = {
				ALWAYS_SEARCH_USER_PATHS = NO;
				CLANG_ANALYZER_NONNULL = YES;
				CLANG_ANALYZER_NUMBER_OBJECT_CONVERSION = YES_AGGRESSIVE;
				CLANG_CXX_LANGUAGE_STANDARD = "gnu++14";
				CLANG_CXX_LIBRARY = "libc++";
				CLANG_ENABLE_MODULES = YES;
				CLANG_ENABLE_OBJC_ARC = YES;
				CLANG_ENABLE_OBJC_WEAK = YES;
				CLANG_WARN_BLOCK_CAPTURE_AUTORELEASING = YES;
				CLANG_WARN_BOOL_CONVERSION = YES;
				CLANG_WARN_COMMA = YES;
				CLANG_WARN_CONSTANT_CONVERSION = YES;
				CLANG_WARN_DEPRECATED_OBJC_IMPLEMENTATIONS = YES;
				CLANG_WARN_DIRECT_OBJC_ISA_USAGE = YES_ERROR;
				CLANG_WARN_DOCUMENTATION_COMMENTS = YES;
				CLANG_WARN_EMPTY_BODY = YES;
				CLANG_WARN_ENUM_CONVERSION = YES;
				CLANG_WARN_INFINITE_RECURSION = YES;
				CLANG_WARN_INT_CONVERSION = YES;
				CLANG_WARN_NON_LITERAL_NULL_CONVERSION = YES;
				CLANG_WARN_OBJC_IMPLICIT_RETAIN_SELF = YES;
				CLANG_WARN_OBJC_LITERAL_CONVERSION = YES;
				CLANG_WARN_OBJC_ROOT_CLASS = YES_ERROR;
				CLANG_WARN_QUOTED_INCLUDE_IN_FRAMEWORK_HEADER = YES;
				CLANG_WARN_RANGE_LOOP_ANALYSIS = YES;
				CLANG_WARN_STRICT_PROTOTYPES = YES;
				CLANG_WARN_SUSPICIOUS_MOVE = YES;
				CLANG_WARN_UNGUARDED_AVAILABILITY = YES_AGGRESSIVE;
				CLANG_WARN_UNREACHABLE_CODE = YES;
				CLANG_WARN__DUPLICATE_METHOD_MATCH = YES;
				COPY_PHASE_STRIP = NO;
				DEBUG_INFORMATION_FORMAT = "dwarf-with-dsym";
				ENABLE_NS_ASSERTIONS = NO;
				ENABLE_STRICT_OBJC_MSGSEND = YES;
				GCC_C_LANGUAGE_STANDARD = gnu11;
				GCC_NO_COMMON_BLOCKS = YES;
				GCC_WARN_64_TO_32_BIT_CONVERSION = YES;
				GCC_WARN_ABOUT_RETURN_TYPE = YES_ERROR;
				GCC_WARN_UNDECLARED_SELECTOR = YES;
				GCC_WARN_UNINITIALIZED_AUTOS = YES_AGGRESSIVE;
				GCC_WARN_UNUSED_FUNCTION = YES;
				GCC_WARN_UNUSED_VARIABLE = YES;
				IPHONEOS_DEPLOYMENT_TARGET = 14.0;
				MTL_ENABLE_DEBUG_INFO = NO;
				MTL_FAST_MATH = YES;
				SDKROOT = iphoneos;
				SWIFT_COMPILATION_MODE = wholemodule;
				SWIFT_OPTIMIZATION_LEVEL = "-O";
				VALIDATE_PRODUCT = YES;
			};
			name = Release;
		};
		40DB5F29254FD5D8009BAB81 /* Debug */ = {
			isa = XCBuildConfiguration;
			buildSettings = {
				ASSETCATALOG_COMPILER_APPICON_NAME = AppIcon;
				ASSETCATALOG_COMPILER_GLOBAL_ACCENT_COLOR_NAME = AccentColor;
				CODE_SIGN_ENTITLEMENTS = BeChef/BeChef.entitlements;
				CODE_SIGN_STYLE = Automatic;
				DEVELOPMENT_TEAM = 5UFXUU3GMA;
				INFOPLIST_FILE = BeChef/Info.plist;
				LD_RUNPATH_SEARCH_PATHS = (
					"$(inherited)",
					"@executable_path/Frameworks",
				);
				PRODUCT_BUNDLE_IDENTIFIER = com.AgusRiady.BeChef;
				PRODUCT_NAME = "$(TARGET_NAME)";
				SWIFT_VERSION = 5.0;
				TARGETED_DEVICE_FAMILY = "1,2";
			};
			name = Debug;
		};
		40DB5F2A254FD5D8009BAB81 /* Release */ = {
			isa = XCBuildConfiguration;
			buildSettings = {
				ASSETCATALOG_COMPILER_APPICON_NAME = AppIcon;
				ASSETCATALOG_COMPILER_GLOBAL_ACCENT_COLOR_NAME = AccentColor;
				CODE_SIGN_ENTITLEMENTS = BeChef/BeChef.entitlements;
				CODE_SIGN_STYLE = Automatic;
				DEVELOPMENT_TEAM = 5UFXUU3GMA;
				INFOPLIST_FILE = BeChef/Info.plist;
				LD_RUNPATH_SEARCH_PATHS = (
					"$(inherited)",
					"@executable_path/Frameworks",
				);
				PRODUCT_BUNDLE_IDENTIFIER = com.AgusRiady.BeChef;
				PRODUCT_NAME = "$(TARGET_NAME)";
				SWIFT_VERSION = 5.0;
				TARGETED_DEVICE_FAMILY = "1,2";
			};
			name = Release;
		};
/* End XCBuildConfiguration section */

/* Begin XCConfigurationList section */
		40DB5F0C254FD5D6009BAB81 /* Build configuration list for PBXProject "BeChef" */ = {
			isa = XCConfigurationList;
			buildConfigurations = (
				40DB5F26254FD5D8009BAB81 /* Debug */,
				40DB5F27254FD5D8009BAB81 /* Release */,
			);
			defaultConfigurationIsVisible = 0;
			defaultConfigurationName = Release;
		};
		40DB5F28254FD5D8009BAB81 /* Build configuration list for PBXNativeTarget "BeChef" */ = {
			isa = XCConfigurationList;
			buildConfigurations = (
				40DB5F29254FD5D8009BAB81 /* Debug */,
				40DB5F2A254FD5D8009BAB81 /* Release */,
			);
			defaultConfigurationIsVisible = 0;
			defaultConfigurationName = Release;
		};
/* End XCConfigurationList section */

/* Begin XCVersionGroup section */
		40DB5F1D254FD5D6009BAB81 /* BeChef.xcdatamodeld */ = {
			isa = XCVersionGroup;
			children = (
				40DB5F1E254FD5D6009BAB81 /* BeChef.xcdatamodel */,
			);
			currentVersion = 40DB5F1E254FD5D6009BAB81 /* BeChef.xcdatamodel */;
			path = BeChef.xcdatamodeld;
			sourceTree = "<group>";
			versionGroupType = wrapper.xcdatamodel;
		};
/* End XCVersionGroup section */
	};
	rootObject = 40DB5F09254FD5D6009BAB81 /* Project object */;
}
